
Microsoft Visual Studio Solution File, Format Version 12.00
# Visual Studio 2015
Project("{FAE04EC0-301F-11D3-BF4B-00C04F79EFBC}") = "Phoenix the Chicken.CSharp", "Phoenix the Chicken.CSharp.csproj", "{E59A3CC8-B8E2-F9A1-DB57-25C7220F1311}"
EndProject
Global
	GlobalSection(SolutionConfigurationPlatforms) = preSolution
		Debug|Any CPU = Debug|Any CPU
		Release|Any CPU = Release|Any CPU
	EndGlobalSection
	GlobalSection(ProjectConfigurationPlatforms) = postSolution
		{E59A3CC8-B8E2-F9A1-DB57-25C7220F1311}.Debug|Any CPU.ActiveCfg = Debug|Any CPU
		{E59A3CC8-B8E2-F9A1-DB57-25C7220F1311}.Debug|Any CPU.Build.0 = Debug|Any CPU
		{E59A3CC8-B8E2-F9A1-DB57-25C7220F1311}.Release|Any CPU.ActiveCfg = Release|Any CPU
		{E59A3CC8-B8E2-F9A1-DB57-25C7220F1311}.Release|Any CPU.Build.0 = Release|Any CPU
	EndGlobalSection
	GlobalSection(SolutionProperties) = preSolution
		HideSolutionNode = FALSE
	EndGlobalSection
EndGlobal
